
Microsoft Visual Studio Solution File, Format Version 12.00
# Visual Studio 15
VisualStudioVersion = 15.0.28010.2048
MinimumVisualStudioVersion = 10.0.40219.1
Project("{FAE04EC0-301F-11D3-BF4B-00C04F79EFBC}") = "21Nov", "21Nov\21Nov.csproj", "{3DF8B816-EA55-4688-A5A2-60504B3651C9}"
EndProject
Global
	GlobalSection(SolutionConfigurationPlatforms) = preSolution
		Debug|Any CPU = Debug|Any CPU
		Release|Any CPU = Release|Any CPU
	EndGlobalSection
	GlobalSection(ProjectConfigurationPlatforms) = postSolution
		{3DF8B816-EA55-4688-A5A2-60504B3651C9}.Debug|Any CPU.ActiveCfg = Debug|Any CPU
		{3DF8B816-EA55-4688-A5A2-60504B3651C9}.Debug|Any CPU.Build.0 = Debug|Any CPU
		{3DF8B816-EA55-4688-A5A2-60504B3651C9}.Release|Any CPU.ActiveCfg = Release|Any CPU
		{3DF8B816-EA55-4688-A5A2-60504B3651C9}.Release|Any CPU.Build.0 = Release|Any CPU
	EndGlobalSection
	GlobalSection(SolutionProperties) = preSolution
		HideSolutionNode = FALSE
	EndGlobalSection
	GlobalSection(ExtensibilityGlobals) = postSolution
		SolutionGuid = {DD7419F2-D0CF-455A-BF83-4CD7CE3EB6AB}
	EndGlobalSection
EndGlobal
